// !$*UTF8*$!
{
	archiveVersion = 1;
	classes = {
	};
	objectVersion = 46;
	objects = {

/* Begin PBXBuildFile section */
		009C4C6C1D9F0CD600F0BC6C /* AppDelegate.swift in Sources */ = {isa = PBXBuildFile; fileRef = 009C4C6B1D9F0CD600F0BC6C /* AppDelegate.swift */; };
		009C4C6E1D9F0CD600F0BC6C /* TimelineViewController.swift in Sources */ = {isa = PBXBuildFile; fileRef = 009C4C6D1D9F0CD600F0BC6C /* TimelineViewController.swift */; };
		009C4C731D9F0CD600F0BC6C /* Assets.xcassets in Resources */ = {isa = PBXBuildFile; fileRef = 009C4C721D9F0CD600F0BC6C /* Assets.xcassets */; };
		009C4C811D9F0CD600F0BC6C /* OpenTweetTests.swift in Sources */ = {isa = PBXBuildFile; fileRef = 009C4C801D9F0CD600F0BC6C /* OpenTweetTests.swift */; };
		009C4C8C1D9F0CD600F0BC6C /* OpenTweetUITests.swift in Sources */ = {isa = PBXBuildFile; fileRef = 009C4C8B1D9F0CD600F0BC6C /* OpenTweetUITests.swift */; };
		009C4C9B1D9F0D4100F0BC6C /* timeline.json in Resources */ = {isa = PBXBuildFile; fileRef = 009C4C9A1D9F0D4100F0BC6C /* timeline.json */; };
		659B29F6228F8EE100709C3B /* Tweet.swift in Sources */ = {isa = PBXBuildFile; fileRef = 659B29F5228F8EE100709C3B /* Tweet.swift */; };
		659B29F8228F96E800709C3B /* Launch Screen.storyboard in Resources */ = {isa = PBXBuildFile; fileRef = 659B29F7228F96E800709C3B /* Launch Screen.storyboard */; };
		659B29FA228F971100709C3B /* Main.storyboard in Resources */ = {isa = PBXBuildFile; fileRef = 659B29F9228F971100709C3B /* Main.storyboard */; };
		659C9BDA2290ADA100248F68 /* Tweet.swift in Sources */ = {isa = PBXBuildFile; fileRef = 659B29F5228F8EE100709C3B /* Tweet.swift */; };
		659C9BDC2290B3E400248F68 /* TimeLine.swift in Sources */ = {isa = PBXBuildFile; fileRef = 659C9BDB2290B3E400248F68 /* TimeLine.swift */; };
		659C9BDD2290B3E400248F68 /* TimeLine.swift in Sources */ = {isa = PBXBuildFile; fileRef = 659C9BDB2290B3E400248F68 /* TimeLine.swift */; };
		DDBFA4D5E55377C042A4B5F1 /* Pods_OpenTweet.framework in Frameworks */ = {isa = PBXBuildFile; fileRef = 151C798FCC2C8F8A04ACFB8A /* Pods_OpenTweet.framework */; };
		ED562D04C7CA3A47820DDAA7 /* Pods_OpenTweetUITests.framework in Frameworks */ = {isa = PBXBuildFile; fileRef = 914FA5362796596617EA47EF /* Pods_OpenTweetUITests.framework */; };
		FA956ED7F35B77272AFAF968 /* Pods_OpenTweetTests.framework in Frameworks */ = {isa = PBXBuildFile; fileRef = 292FA477598505218CCC1596 /* Pods_OpenTweetTests.framework */; };
/* End PBXBuildFile section */

/* Begin PBXContainerItemProxy section */
		009C4C7D1D9F0CD600F0BC6C /* PBXContainerItemProxy */ = {
			isa = PBXContainerItemProxy;
			containerPortal = 009C4C601D9F0CD600F0BC6C /* Project object */;
			proxyType = 1;
			remoteGlobalIDString = 009C4C671D9F0CD600F0BC6C;
			remoteInfo = OpenTweet;
		};
		009C4C881D9F0CD600F0BC6C /* PBXContainerItemProxy */ = {
			isa = PBXContainerItemProxy;
			containerPortal = 009C4C601D9F0CD600F0BC6C /* Project object */;
			proxyType = 1;
			remoteGlobalIDString = 009C4C671D9F0CD600F0BC6C;
			remoteInfo = OpenTweet;
		};
/* End PBXContainerItemProxy section */

/* Begin PBXFileReference section */
		009C4C681D9F0CD600F0BC6C /* OpenTweet.app */ = {isa = PBXFileReference; explicitFileType = wrapper.application; includeInIndex = 0; path = OpenTweet.app; sourceTree = BUILT_PRODUCTS_DIR; };
		009C4C6B1D9F0CD600F0BC6C /* AppDelegate.swift */ = {isa = PBXFileReference; lastKnownFileType = sourcecode.swift; path = AppDelegate.swift; sourceTree = "<group>"; };
		009C4C6D1D9F0CD600F0BC6C /* TimelineViewController.swift */ = {isa = PBXFileReference; lastKnownFileType = sourcecode.swift; path = TimelineViewController.swift; sourceTree = "<group>"; };
		009C4C721D9F0CD600F0BC6C /* Assets.xcassets */ = {isa = PBXFileReference; lastKnownFileType = folder.assetcatalog; path = Assets.xcassets; sourceTree = "<group>"; };
		009C4C771D9F0CD600F0BC6C /* Info.plist */ = {isa = PBXFileReference; lastKnownFileType = text.plist.xml; path = Info.plist; sourceTree = "<group>"; };
		009C4C7C1D9F0CD600F0BC6C /* OpenTweetTests.xctest */ = {isa = PBXFileReference; explicitFileType = wrapper.cfbundle; includeInIndex = 0; path = OpenTweetTests.xctest; sourceTree = BUILT_PRODUCTS_DIR; };
		009C4C801D9F0CD600F0BC6C /* OpenTweetTests.swift */ = {isa = PBXFileReference; lastKnownFileType = sourcecode.swift; path = OpenTweetTests.swift; sourceTree = "<group>"; };
		009C4C821D9F0CD600F0BC6C /* Info.plist */ = {isa = PBXFileReference; lastKnownFileType = text.plist.xml; path = Info.plist; sourceTree = "<group>"; };
		009C4C871D9F0CD600F0BC6C /* OpenTweetUITests.xctest */ = {isa = PBXFileReference; explicitFileType = wrapper.cfbundle; includeInIndex = 0; path = OpenTweetUITests.xctest; sourceTree = BUILT_PRODUCTS_DIR; };
		009C4C8B1D9F0CD600F0BC6C /* OpenTweetUITests.swift */ = {isa = PBXFileReference; lastKnownFileType = sourcecode.swift; path = OpenTweetUITests.swift; sourceTree = "<group>"; };
		009C4C8D1D9F0CD600F0BC6C /* Info.plist */ = {isa = PBXFileReference; lastKnownFileType = text.plist.xml; path = Info.plist; sourceTree = "<group>"; };
		009C4C9A1D9F0D4100F0BC6C /* timeline.json */ = {isa = PBXFileReference; fileEncoding = 4; lastKnownFileType = text.json; path = timeline.json; sourceTree = "<group>"; };
		009C4C9D1D9F104800F0BC6C /* README.md */ = {isa = PBXFileReference; lastKnownFileType = net.daringfireball.markdown; path = README.md; sourceTree = "<group>"; };
		080823515D20DB98DDF0BE5A /* Pods-OpenTweetUITests.release.xcconfig */ = {isa = PBXFileReference; includeInIndex = 1; lastKnownFileType = text.xcconfig; name = "Pods-OpenTweetUITests.release.xcconfig"; path = "Pods/Target Support Files/Pods-OpenTweetUITests/Pods-OpenTweetUITests.release.xcconfig"; sourceTree = "<group>"; };
		151C798FCC2C8F8A04ACFB8A /* Pods_OpenTweet.framework */ = {isa = PBXFileReference; explicitFileType = wrapper.framework; includeInIndex = 0; path = Pods_OpenTweet.framework; sourceTree = BUILT_PRODUCTS_DIR; };
		292FA477598505218CCC1596 /* Pods_OpenTweetTests.framework */ = {isa = PBXFileReference; explicitFileType = wrapper.framework; includeInIndex = 0; path = Pods_OpenTweetTests.framework; sourceTree = BUILT_PRODUCTS_DIR; };
		5449DF5F362AC20270A2DD57 /* Pods-OpenTweet.debug.xcconfig */ = {isa = PBXFileReference; includeInIndex = 1; lastKnownFileType = text.xcconfig; name = "Pods-OpenTweet.debug.xcconfig"; path = "Pods/Target Support Files/Pods-OpenTweet/Pods-OpenTweet.debug.xcconfig"; sourceTree = "<group>"; };
		659B29F5228F8EE100709C3B /* Tweet.swift */ = {isa = PBXFileReference; lastKnownFileType = sourcecode.swift; path = Tweet.swift; sourceTree = "<group>"; };
		659B29F7228F96E800709C3B /* Launch Screen.storyboard */ = {isa = PBXFileReference; lastKnownFileType = file.storyboard; path = "Launch Screen.storyboard"; sourceTree = "<group>"; };
		659B29F9228F971100709C3B /* Main.storyboard */ = {isa = PBXFileReference; lastKnownFileType = file.storyboard; path = Main.storyboard; sourceTree = "<group>"; };
		659C9BDB2290B3E400248F68 /* TimeLine.swift */ = {isa = PBXFileReference; lastKnownFileType = sourcecode.swift; path = TimeLine.swift; sourceTree = "<group>"; };
		914FA5362796596617EA47EF /* Pods_OpenTweetUITests.framework */ = {isa = PBXFileReference; explicitFileType = wrapper.framework; includeInIndex = 0; path = Pods_OpenTweetUITests.framework; sourceTree = BUILT_PRODUCTS_DIR; };
		C8807F3C8E1947E5C95D819C /* Pods-OpenTweetUITests.debug.xcconfig */ = {isa = PBXFileReference; includeInIndex = 1; lastKnownFileType = text.xcconfig; name = "Pods-OpenTweetUITests.debug.xcconfig"; path = "Pods/Target Support Files/Pods-OpenTweetUITests/Pods-OpenTweetUITests.debug.xcconfig"; sourceTree = "<group>"; };
		C9E8C6BDE98066220630E018 /* Pods-OpenTweetTests.debug.xcconfig */ = {isa = PBXFileReference; includeInIndex = 1; lastKnownFileType = text.xcconfig; name = "Pods-OpenTweetTests.debug.xcconfig"; path = "Pods/Target Support Files/Pods-OpenTweetTests/Pods-OpenTweetTests.debug.xcconfig"; sourceTree = "<group>"; };
		DA82AF0B40BC050D0A8C8034 /* Pods-OpenTweet.release.xcconfig */ = {isa = PBXFileReference; includeInIndex = 1; lastKnownFileType = text.xcconfig; name = "Pods-OpenTweet.release.xcconfig"; path = "Pods/Target Support Files/Pods-OpenTweet/Pods-OpenTweet.release.xcconfig"; sourceTree = "<group>"; };
		E12A6934CF543BA725C42A27 /* Pods-OpenTweetTests.release.xcconfig */ = {isa = PBXFileReference; includeInIndex = 1; lastKnownFileType = text.xcconfig; name = "Pods-OpenTweetTests.release.xcconfig"; path = "Pods/Target Support Files/Pods-OpenTweetTests/Pods-OpenTweetTests.release.xcconfig"; sourceTree = "<group>"; };
/* End PBXFileReference section */

/* Begin PBXFrameworksBuildPhase section */
		009C4C651D9F0CD600F0BC6C /* Frameworks */ = {
			isa = PBXFrameworksBuildPhase;
			buildActionMask = 2147483647;
			files = (
				DDBFA4D5E55377C042A4B5F1 /* Pods_OpenTweet.framework in Frameworks */,
			);
			runOnlyForDeploymentPostprocessing = 0;
		};
		009C4C791D9F0CD600F0BC6C /* Frameworks */ = {
			isa = PBXFrameworksBuildPhase;
			buildActionMask = 2147483647;
			files = (
				FA956ED7F35B77272AFAF968 /* Pods_OpenTweetTests.framework in Frameworks */,
			);
			runOnlyForDeploymentPostprocessing = 0;
		};
		009C4C841D9F0CD600F0BC6C /* Frameworks */ = {
			isa = PBXFrameworksBuildPhase;
			buildActionMask = 2147483647;
			files = (
				ED562D04C7CA3A47820DDAA7 /* Pods_OpenTweetUITests.framework in Frameworks */,
			);
			runOnlyForDeploymentPostprocessing = 0;
		};
/* End PBXFrameworksBuildPhase section */

/* Begin PBXGroup section */
		009C4C5F1D9F0CD600F0BC6C = {
			isa = PBXGroup;
			children = (
				009C4C6A1D9F0CD600F0BC6C /* OpenTweet */,
				009C4C991D9F0D4100F0BC6C /* Data */,
				009C4C7F1D9F0CD600F0BC6C /* OpenTweetTests */,
				009C4C8A1D9F0CD600F0BC6C /* OpenTweetUITests */,
				009C4C691D9F0CD600F0BC6C /* Products */,
				009C4C9D1D9F104800F0BC6C /* README.md */,
				623478A673E5B6CFD1218EFD /* Pods */,
				3E88D8770242243062889273 /* Frameworks */,
			);
			sourceTree = "<group>";
		};
		009C4C691D9F0CD600F0BC6C /* Products */ = {
			isa = PBXGroup;
			children = (
				009C4C681D9F0CD600F0BC6C /* OpenTweet.app */,
				009C4C7C1D9F0CD600F0BC6C /* OpenTweetTests.xctest */,
				009C4C871D9F0CD600F0BC6C /* OpenTweetUITests.xctest */,
			);
			name = Products;
			sourceTree = "<group>";
		};
		009C4C6A1D9F0CD600F0BC6C /* OpenTweet */ = {
			isa = PBXGroup;
			children = (
				659B29F9228F971100709C3B /* Main.storyboard */,
				009C4C6B1D9F0CD600F0BC6C /* AppDelegate.swift */,
				009C4C6D1D9F0CD600F0BC6C /* TimelineViewController.swift */,
				659B29F5228F8EE100709C3B /* Tweet.swift */,
				659C9BDB2290B3E400248F68 /* TimeLine.swift */,
				009C4C721D9F0CD600F0BC6C /* Assets.xcassets */,
				659B29F7228F96E800709C3B /* Launch Screen.storyboard */,
				009C4C771D9F0CD600F0BC6C /* Info.plist */,
			);
			path = OpenTweet;
			sourceTree = "<group>";
		};
		009C4C7F1D9F0CD600F0BC6C /* OpenTweetTests */ = {
			isa = PBXGroup;
			children = (
				009C4C801D9F0CD600F0BC6C /* OpenTweetTests.swift */,
				009C4C821D9F0CD600F0BC6C /* Info.plist */,
			);
			path = OpenTweetTests;
			sourceTree = "<group>";
		};
		009C4C8A1D9F0CD600F0BC6C /* OpenTweetUITests */ = {
			isa = PBXGroup;
			children = (
				009C4C8B1D9F0CD600F0BC6C /* OpenTweetUITests.swift */,
				009C4C8D1D9F0CD600F0BC6C /* Info.plist */,
			);
			path = OpenTweetUITests;
			sourceTree = "<group>";
		};
		009C4C991D9F0D4100F0BC6C /* Data */ = {
			isa = PBXGroup;
			children = (
				009C4C9A1D9F0D4100F0BC6C /* timeline.json */,
			);
			path = Data;
			sourceTree = "<group>";
		};
		3E88D8770242243062889273 /* Frameworks */ = {
			isa = PBXGroup;
			children = (
				151C798FCC2C8F8A04ACFB8A /* Pods_OpenTweet.framework */,
				292FA477598505218CCC1596 /* Pods_OpenTweetTests.framework */,
				914FA5362796596617EA47EF /* Pods_OpenTweetUITests.framework */,
			);
			name = Frameworks;
			sourceTree = "<group>";
		};
		623478A673E5B6CFD1218EFD /* Pods */ = {
			isa = PBXGroup;
			children = (
				5449DF5F362AC20270A2DD57 /* Pods-OpenTweet.debug.xcconfig */,
				DA82AF0B40BC050D0A8C8034 /* Pods-OpenTweet.release.xcconfig */,
				C9E8C6BDE98066220630E018 /* Pods-OpenTweetTests.debug.xcconfig */,
				E12A6934CF543BA725C42A27 /* Pods-OpenTweetTests.release.xcconfig */,
				C8807F3C8E1947E5C95D819C /* Pods-OpenTweetUITests.debug.xcconfig */,
				080823515D20DB98DDF0BE5A /* Pods-OpenTweetUITests.release.xcconfig */,
			);
			name = Pods;
			sourceTree = "<group>";
		};
/* End PBXGroup section */

/* Begin PBXNativeTarget section */
		009C4C671D9F0CD600F0BC6C /* OpenTweet */ = {
			isa = PBXNativeTarget;
			buildConfigurationList = 009C4C901D9F0CD600F0BC6C /* Build configuration list for PBXNativeTarget "OpenTweet" */;
			buildPhases = (
				A937D8FD00E63B7D56CBF37D /* [CP] Check Pods Manifest.lock */,
				009C4C641D9F0CD600F0BC6C /* Sources */,
				009C4C651D9F0CD600F0BC6C /* Frameworks */,
				009C4C661D9F0CD600F0BC6C /* Resources */,
				0C191B032D5429AE8318273D /* [CP] Embed Pods Frameworks */,
			);
			buildRules = (
			);
			dependencies = (
			);
			name = OpenTweet;
			productName = OpenTweet;
			productReference = 009C4C681D9F0CD600F0BC6C /* OpenTweet.app */;
			productType = "com.apple.product-type.application";
		};
		009C4C7B1D9F0CD600F0BC6C /* OpenTweetTests */ = {
			isa = PBXNativeTarget;
			buildConfigurationList = 009C4C931D9F0CD600F0BC6C /* Build configuration list for PBXNativeTarget "OpenTweetTests" */;
			buildPhases = (
				7A1617DA3E777F33D1AA73D4 /* [CP] Check Pods Manifest.lock */,
				009C4C781D9F0CD600F0BC6C /* Sources */,
				009C4C791D9F0CD600F0BC6C /* Frameworks */,
				009C4C7A1D9F0CD600F0BC6C /* Resources */,
			);
			buildRules = (
			);
			dependencies = (
				009C4C7E1D9F0CD600F0BC6C /* PBXTargetDependency */,
			);
			name = OpenTweetTests;
			productName = OpenTweetTests;
			productReference = 009C4C7C1D9F0CD600F0BC6C /* OpenTweetTests.xctest */;
			productType = "com.apple.product-type.bundle.unit-test";
		};
		009C4C861D9F0CD600F0BC6C /* OpenTweetUITests */ = {
			isa = PBXNativeTarget;
			buildConfigurationList = 009C4C961D9F0CD600F0BC6C /* Build configuration list for PBXNativeTarget "OpenTweetUITests" */;
			buildPhases = (
				FA44F3E1EEC6FF392FCF2EFA /* [CP] Check Pods Manifest.lock */,
				009C4C831D9F0CD600F0BC6C /* Sources */,
				009C4C841D9F0CD600F0BC6C /* Frameworks */,
				009C4C851D9F0CD600F0BC6C /* Resources */,
			);
			buildRules = (
			);
			dependencies = (
				009C4C891D9F0CD600F0BC6C /* PBXTargetDependency */,
			);
			name = OpenTweetUITests;
			productName = OpenTweetUITests;
			productReference = 009C4C871D9F0CD600F0BC6C /* OpenTweetUITests.xctest */;
			productType = "com.apple.product-type.bundle.ui-testing";
		};
/* End PBXNativeTarget section */

/* Begin PBXProject section */
		009C4C601D9F0CD600F0BC6C /* Project object */ = {
			isa = PBXProject;
			attributes = {
				LastSwiftUpdateCheck = 0800;
				LastUpgradeCheck = 1020;
				ORGANIZATIONNAME = "OpenTable, Inc.";
				TargetAttributes = {
					009C4C671D9F0CD600F0BC6C = {
						CreatedOnToolsVersion = 8.0;
						DevelopmentTeam = XC32KN38AE;
						LastSwiftMigration = 1020;
						ProvisioningStyle = Automatic;
					};
					009C4C7B1D9F0CD600F0BC6C = {
						CreatedOnToolsVersion = 8.0;
						DevelopmentTeam = XC32KN38AE;
						LastSwiftMigration = 1020;
						ProvisioningStyle = Automatic;
						TestTargetID = 009C4C671D9F0CD600F0BC6C;
					};
					009C4C861D9F0CD600F0BC6C = {
						CreatedOnToolsVersion = 8.0;
						DevelopmentTeam = XC32KN38AE;
						LastSwiftMigration = 1020;
						ProvisioningStyle = Automatic;
						TestTargetID = 009C4C671D9F0CD600F0BC6C;
					};
				};
			};
			buildConfigurationList = 009C4C631D9F0CD600F0BC6C /* Build configuration list for PBXProject "OpenTweet" */;
			compatibilityVersion = "Xcode 3.2";
			developmentRegion = en;
			hasScannedForEncodings = 0;
			knownRegions = (
				en,
				Base,
			);
			mainGroup = 009C4C5F1D9F0CD600F0BC6C;
			productRefGroup = 009C4C691D9F0CD600F0BC6C /* Products */;
			projectDirPath = "";
			projectRoot = "";
			targets = (
				009C4C671D9F0CD600F0BC6C /* OpenTweet */,
				009C4C7B1D9F0CD600F0BC6C /* OpenTweetTests */,
				009C4C861D9F0CD600F0BC6C /* OpenTweetUITests */,
			);
		};
/* End PBXProject section */

/* Begin PBXResourcesBuildPhase section */
		009C4C661D9F0CD600F0BC6C /* Resources */ = {
			isa = PBXResourcesBuildPhase;
			buildActionMask = 2147483647;
			files = (
				659B29F8228F96E800709C3B /* Launch Screen.storyboard in Resources */,
				009C4C9B1D9F0D4100F0BC6C /* timeline.json in Resources */,
				009C4C731D9F0CD600F0BC6C /* Assets.xcassets in Resources */,
				659B29FA228F971100709C3B /* Main.storyboard in Resources */,
			);
			runOnlyForDeploymentPostprocessing = 0;
		};
		009C4C7A1D9F0CD600F0BC6C /* Resources */ = {
			isa = PBXResourcesBuildPhase;
			buildActionMask = 2147483647;
			files = (
			);
			runOnlyForDeploymentPostprocessing = 0;
		};
		009C4C851D9F0CD600F0BC6C /* Resources */ = {
			isa = PBXResourcesBuildPhase;
			buildActionMask = 2147483647;
			files = (
			);
			runOnlyForDeploymentPostprocessing = 0;
		};
/* End PBXResourcesBuildPhase section */

/* Begin PBXShellScriptBuildPhase section */
		0C191B032D5429AE8318273D /* [CP] Embed Pods Frameworks */ = {
			isa = PBXShellScriptBuildPhase;
			buildActionMask = 2147483647;
			files = (
			);
			inputPaths = (
				"${SRCROOT}/Pods/Target Support Files/Pods-OpenTweet/Pods-OpenTweet-frameworks.sh",
				"${BUILT_PRODUCTS_DIR}/Alamofire/Alamofire.framework",
				"${BUILT_PRODUCTS_DIR}/AlamofireImage/AlamofireImage.framework",
			);
			name = "[CP] Embed Pods Frameworks";
			outputPaths = (
				"${TARGET_BUILD_DIR}/${FRAMEWORKS_FOLDER_PATH}/Alamofire.framework",
				"${TARGET_BUILD_DIR}/${FRAMEWORKS_FOLDER_PATH}/AlamofireImage.framework",
			);
			runOnlyForDeploymentPostprocessing = 0;
			shellPath = /bin/sh;
			shellScript = "\"${SRCROOT}/Pods/Target Support Files/Pods-OpenTweet/Pods-OpenTweet-frameworks.sh\"\n";
			showEnvVarsInLog = 0;
		};
		7A1617DA3E777F33D1AA73D4 /* [CP] Check Pods Manifest.lock */ = {
			isa = PBXShellScriptBuildPhase;
			buildActionMask = 2147483647;
			files = (
			);
			inputPaths = (
				"${PODS_PODFILE_DIR_PATH}/Podfile.lock",
				"${PODS_ROOT}/Manifest.lock",
			);
			name = "[CP] Check Pods Manifest.lock";
			outputPaths = (
				"$(DERIVED_FILE_DIR)/Pods-OpenTweetTests-checkManifestLockResult.txt",
			);
			runOnlyForDeploymentPostprocessing = 0;
			shellPath = /bin/sh;
			shellScript = "diff \"${PODS_PODFILE_DIR_PATH}/Podfile.lock\" \"${PODS_ROOT}/Manifest.lock\" > /dev/null\nif [ $? != 0 ] ; then\n    # print error to STDERR\n    echo \"error: The sandbox is not in sync with the Podfile.lock. Run 'pod install' or update your CocoaPods installation.\" >&2\n    exit 1\nfi\n# This output is used by Xcode 'outputs' to avoid re-running this script phase.\necho \"SUCCESS\" > \"${SCRIPT_OUTPUT_FILE_0}\"\n";
			showEnvVarsInLog = 0;
		};
		A937D8FD00E63B7D56CBF37D /* [CP] Check Pods Manifest.lock */ = {
			isa = PBXShellScriptBuildPhase;
			buildActionMask = 2147483647;
			files = (
			);
			inputPaths = (
				"${PODS_PODFILE_DIR_PATH}/Podfile.lock",
				"${PODS_ROOT}/Manifest.lock",
			);
			name = "[CP] Check Pods Manifest.lock";
			outputPaths = (
				"$(DERIVED_FILE_DIR)/Pods-OpenTweet-checkManifestLockResult.txt",
			);
			runOnlyForDeploymentPostprocessing = 0;
			shellPath = /bin/sh;
			shellScript = "diff \"${PODS_PODFILE_DIR_PATH}/Podfile.lock\" \"${PODS_ROOT}/Manifest.lock\" > /dev/null\nif [ $? != 0 ] ; then\n    # print error to STDERR\n    echo \"error: The sandbox is not in sync with the Podfile.lock. Run 'pod install' or update your CocoaPods installation.\" >&2\n    exit 1\nfi\n# This output is used by Xcode 'outputs' to avoid re-running this script phase.\necho \"SUCCESS\" > \"${SCRIPT_OUTPUT_FILE_0}\"\n";
			showEnvVarsInLog = 0;
		};
		FA44F3E1EEC6FF392FCF2EFA /* [CP] Check Pods Manifest.lock */ = {
			isa = PBXShellScriptBuildPhase;
			buildActionMask = 2147483647;
			files = (
			);
			inputPaths = (
				"${PODS_PODFILE_DIR_PATH}/Podfile.lock",
				"${PODS_ROOT}/Manifest.lock",
			);
			name = "[CP] Check Pods Manifest.lock";
			outputPaths = (
				"$(DERIVED_FILE_DIR)/Pods-OpenTweetUITests-checkManifestLockResult.txt",
			);
			runOnlyForDeploymentPostprocessing = 0;
			shellPath = /bin/sh;
			shellScript = "diff \"${PODS_PODFILE_DIR_PATH}/Podfile.lock\" \"${PODS_ROOT}/Manifest.lock\" > /dev/null\nif [ $? != 0 ] ; then\n    # print error to STDERR\n    echo \"error: The sandbox is not in sync with the Podfile.lock. Run 'pod install' or update your CocoaPods installation.\" >&2\n    exit 1\nfi\n# This output is used by Xcode 'outputs' to avoid re-running this script phase.\necho \"SUCCESS\" > \"${SCRIPT_OUTPUT_FILE_0}\"\n";
			showEnvVarsInLog = 0;
		};
/* End PBXShellScriptBuildPhase section */

/* Begin PBXSourcesBuildPhase section */
		009C4C641D9F0CD600F0BC6C /* Sources */ = {
			isa = PBXSourcesBuildPhase;
			buildActionMask = 2147483647;
			files = (
				659C9BDC2290B3E400248F68 /* TimeLine.swift in Sources */,
				659B29F6228F8EE100709C3B /* Tweet.swift in Sources */,
				009C4C6E1D9F0CD600F0BC6C /* TimelineViewController.swift in Sources */,
				009C4C6C1D9F0CD600F0BC6C /* AppDelegate.swift in Sources */,
			);
			runOnlyForDeploymentPostprocessing = 0;
		};
		009C4C781D9F0CD600F0BC6C /* Sources */ = {
			isa = PBXSourcesBuildPhase;
			buildActionMask = 2147483647;
			files = (
				009C4C811D9F0CD600F0BC6C /* OpenTweetTests.swift in Sources */,
				659C9BDD2290B3E400248F68 /* TimeLine.swift in Sources */,
				659C9BDA2290ADA100248F68 /* Tweet.swift in Sources */,
			);
			runOnlyForDeploymentPostprocessing = 0;
		};
		009C4C831D9F0CD600F0BC6C /* Sources */ = {
			isa = PBXSourcesBuildPhase;
			buildActionMask = 2147483647;
			files = (
				009C4C8C1D9F0CD600F0BC6C /* OpenTweetUITests.swift in Sources */,
			);
			runOnlyForDeploymentPostprocessing = 0;
		};
/* End PBXSourcesBuildPhase section */

/* Begin PBXTargetDependency section */
		009C4C7E1D9F0CD600F0BC6C /* PBXTargetDependency */ = {
			isa = PBXTargetDependency;
			target = 009C4C671D9F0CD600F0BC6C /* OpenTweet */;
			targetProxy = 009C4C7D1D9F0CD600F0BC6C /* PBXContainerItemProxy */;
		};
		009C4C891D9F0CD600F0BC6C /* PBXTargetDependency */ = {
			isa = PBXTargetDependency;
			target = 009C4C671D9F0CD600F0BC6C /* OpenTweet */;
			targetProxy = 009C4C881D9F0CD600F0BC6C /* PBXContainerItemProxy */;
		};
/* End PBXTargetDependency section */

/* Begin XCBuildConfiguration section */
		009C4C8E1D9F0CD600F0BC6C /* Debug */ = {
			isa = XCBuildConfiguration;
			buildSettings = {
				ALWAYS_SEARCH_USER_PATHS = NO;
				CLANG_ANALYZER_LOCALIZABILITY_NONLOCALIZED = YES;
				CLANG_ANALYZER_NONNULL = YES;
				CLANG_CXX_LANGUAGE_STANDARD = "gnu++0x";
				CLANG_CXX_LIBRARY = "libc++";
				CLANG_ENABLE_MODULES = YES;
				CLANG_ENABLE_OBJC_ARC = YES;
				CLANG_WARN_BLOCK_CAPTURE_AUTORELEASING = YES;
				CLANG_WARN_BOOL_CONVERSION = YES;
				CLANG_WARN_COMMA = YES;
				CLANG_WARN_CONSTANT_CONVERSION = YES;
				CLANG_WARN_DEPRECATED_OBJC_IMPLEMENTATIONS = YES;
				CLANG_WARN_DIRECT_OBJC_ISA_USAGE = YES_ERROR;
				CLANG_WARN_DOCUMENTATION_COMMENTS = YES;
				CLANG_WARN_EMPTY_BODY = YES;
				CLANG_WARN_ENUM_CONVERSION = YES;
				CLANG_WARN_INFINITE_RECURSION = YES;
				CLANG_WARN_INT_CONVERSION = YES;
				CLANG_WARN_NON_LITERAL_NULL_CONVERSION = YES;
				CLANG_WARN_OBJC_IMPLICIT_RETAIN_SELF = YES;
				CLANG_WARN_OBJC_LITERAL_CONVERSION = YES;
				CLANG_WARN_OBJC_ROOT_CLASS = YES_ERROR;
				CLANG_WARN_RANGE_LOOP_ANALYSIS = YES;
				CLANG_WARN_STRICT_PROTOTYPES = YES;
				CLANG_WARN_SUSPICIOUS_MOVE = YES;
				CLANG_WARN_SUSPICIOUS_MOVES = YES;
				CLANG_WARN_UNREACHABLE_CODE = YES;
				CLANG_WARN__DUPLICATE_METHOD_MATCH = YES;
				"CODE_SIGN_IDENTITY[sdk=iphoneos*]" = "iPhone Developer";
				COPY_PHASE_STRIP = NO;
				DEBUG_INFORMATION_FORMAT = dwarf;
				ENABLE_STRICT_OBJC_MSGSEND = YES;
				ENABLE_TESTABILITY = YES;
				GCC_C_LANGUAGE_STANDARD = gnu99;
				GCC_DYNAMIC_NO_PIC = NO;
				GCC_NO_COMMON_BLOCKS = YES;
				GCC_OPTIMIZATION_LEVEL = 0;
				GCC_PREPROCESSOR_DEFINITIONS = (
					"DEBUG=1",
					"$(inherited)",
				);
				GCC_WARN_64_TO_32_BIT_CONVERSION = YES;
				GCC_WARN_ABOUT_RETURN_TYPE = YES_ERROR;
				GCC_WARN_UNDECLARED_SELECTOR = YES;
				GCC_WARN_UNINITIALIZED_AUTOS = YES_AGGRESSIVE;
				GCC_WARN_UNUSED_FUNCTION = YES;
				GCC_WARN_UNUSED_VARIABLE = YES;
				IPHONEOS_DEPLOYMENT_TARGET = 11.0;
				MTL_ENABLE_DEBUG_INFO = YES;
				ONLY_ACTIVE_ARCH = YES;
				SDKROOT = iphoneos;
				SWIFT_ACTIVE_COMPILATION_CONDITIONS = DEBUG;
				SWIFT_OPTIMIZATION_LEVEL = "-Onone";
				SWIFT_VERSION = 4.2;
				TARGETED_DEVICE_FAMILY = "1,2";
			};
			name = Debug;
		};
		009C4C8F1D9F0CD600F0BC6C /* Release */ = {
			isa = XCBuildConfiguration;
			buildSettings = {
				ALWAYS_SEARCH_USER_PATHS = NO;
				CLANG_ANALYZER_LOCALIZABILITY_NONLOCALIZED = YES;
				CLANG_ANALYZER_NONNULL = YES;
				CLANG_CXX_LANGUAGE_STANDARD = "gnu++0x";
				CLANG_CXX_LIBRARY = "libc++";
				CLANG_ENABLE_MODULES = YES;
				CLANG_ENABLE_OBJC_ARC = YES;
				CLANG_WARN_BLOCK_CAPTURE_AUTORELEASING = YES;
				CLANG_WARN_BOOL_CONVERSION = YES;
				CLANG_WARN_COMMA = YES;
				CLANG_WARN_CONSTANT_CONVERSION = YES;
				CLANG_WARN_DEPRECATED_OBJC_IMPLEMENTATIONS = YES;
				CLANG_WARN_DIRECT_OBJC_ISA_USAGE = YES_ERROR;
				CLANG_WARN_DOCUMENTATION_COMMENTS = YES;
				CLANG_WARN_EMPTY_BODY = YES;
				CLANG_WARN_ENUM_CONVERSION = YES;
				CLANG_WARN_INFINITE_RECURSION = YES;
				CLANG_WARN_INT_CONVERSION = YES;
				CLANG_WARN_NON_LITERAL_NULL_CONVERSION = YES;
				CLANG_WARN_OBJC_IMPLICIT_RETAIN_SELF = YES;
				CLANG_WARN_OBJC_LITERAL_CONVERSION = YES;
				CLANG_WARN_OBJC_ROOT_CLASS = YES_ERROR;
				CLANG_WARN_RANGE_LOOP_ANALYSIS = YES;
				CLANG_WARN_STRICT_PROTOTYPES = YES;
				CLANG_WARN_SUSPICIOUS_MOVE = YES;
				CLANG_WARN_SUSPICIOUS_MOVES = YES;
				CLANG_WARN_UNREACHABLE_CODE = YES;
				CLANG_WARN__DUPLICATE_METHOD_MATCH = YES;
				"CODE_SIGN_IDENTITY[sdk=iphoneos*]" = "iPhone Developer";
				COPY_PHASE_STRIP = NO;
				DEBUG_INFORMATION_FORMAT = "dwarf-with-dsym";
				ENABLE_NS_ASSERTIONS = NO;
				ENABLE_STRICT_OBJC_MSGSEND = YES;
				GCC_C_LANGUAGE_STANDARD = gnu99;
				GCC_NO_COMMON_BLOCKS = YES;
				GCC_WARN_64_TO_32_BIT_CONVERSION = YES;
				GCC_WARN_ABOUT_RETURN_TYPE = YES_ERROR;
				GCC_WARN_UNDECLARED_SELECTOR = YES;
				GCC_WARN_UNINITIALIZED_AUTOS = YES_AGGRESSIVE;
				GCC_WARN_UNUSED_FUNCTION = YES;
				GCC_WARN_UNUSED_VARIABLE = YES;
				IPHONEOS_DEPLOYMENT_TARGET = 11.0;
				MTL_ENABLE_DEBUG_INFO = NO;
				SDKROOT = iphoneos;
				SWIFT_OPTIMIZATION_LEVEL = "-Owholemodule";
				SWIFT_VERSION = 4.2;
				TARGETED_DEVICE_FAMILY = "1,2";
				VALIDATE_PRODUCT = YES;
			};
			name = Release;
		};
		009C4C911D9F0CD600F0BC6C /* Debug */ = {
			isa = XCBuildConfiguration;
			baseConfigurationReference = 5449DF5F362AC20270A2DD57 /* Pods-OpenTweet.debug.xcconfig */;
			buildSettings = {
				ASSETCATALOG_COMPILER_APPICON_NAME = AppIcon;
				DEVELOPMENT_TEAM = XC32KN38AE;
				INFOPLIST_FILE = OpenTweet/Info.plist;
				LD_RUNPATH_SEARCH_PATHS = "$(inherited) @executable_path/Frameworks";
				PRODUCT_BUNDLE_IDENTIFIER = com.opentable.OpenTweet;
				PRODUCT_NAME = "$(TARGET_NAME)";
				SWIFT_VERSION = 4.2;
			};
			name = Debug;
		};
		009C4C921D9F0CD600F0BC6C /* Release */ = {
			isa = XCBuildConfiguration;
			baseConfigurationReference = DA82AF0B40BC050D0A8C8034 /* Pods-OpenTweet.release.xcconfig */;
			buildSettings = {
				ASSETCATALOG_COMPILER_APPICON_NAME = AppIcon;
				DEVELOPMENT_TEAM = XC32KN38AE;
				INFOPLIST_FILE = OpenTweet/Info.plist;
				LD_RUNPATH_SEARCH_PATHS = "$(inherited) @executable_path/Frameworks";
				PRODUCT_BUNDLE_IDENTIFIER = com.opentable.OpenTweet;
				PRODUCT_NAME = "$(TARGET_NAME)";
				SWIFT_VERSION = 4.2;
			};
			name = Release;
		};
		009C4C941D9F0CD600F0BC6C /* Debug */ = {
			isa = XCBuildConfiguration;
			baseConfigurationReference = C9E8C6BDE98066220630E018 /* Pods-OpenTweetTests.debug.xcconfig */;
			buildSettings = {
				ALWAYS_EMBED_SWIFT_STANDARD_LIBRARIES = YES;
				BUNDLE_LOADER = "$(TEST_HOST)";
				DEVELOPMENT_TEAM = XC32KN38AE;
				INFOPLIST_FILE = OpenTweetTests/Info.plist;
				LD_RUNPATH_SEARCH_PATHS = "$(inherited) @executable_path/Frameworks @loader_path/Frameworks";
				PRODUCT_BUNDLE_IDENTIFIER = com.opentable.OpenTweetTests;
				PRODUCT_NAME = "$(TARGET_NAME)";
				SWIFT_VERSION = 4.2;
				TEST_HOST = "$(BUILT_PRODUCTS_DIR)/OpenTweet.app/OpenTweet";
			};
			name = Debug;
		};
		009C4C951D9F0CD600F0BC6C /* Release */ = {
			isa = XCBuildConfiguration;
			baseConfigurationReference = E12A6934CF543BA725C42A27 /* Pods-OpenTweetTests.release.xcconfig */;
			buildSettings = {
				ALWAYS_EMBED_SWIFT_STANDARD_LIBRARIES = YES;
				BUNDLE_LOADER = "$(TEST_HOST)";
				DEVELOPMENT_TEAM = XC32KN38AE;
				INFOPLIST_FILE = OpenTweetTests/Info.plist;
				LD_RUNPATH_SEARCH_PATHS = "$(inherited) @executable_path/Frameworks @loader_path/Frameworks";
				PRODUCT_BUNDLE_IDENTIFIER = com.opentable.OpenTweetTests;
				PRODUCT_NAME = "$(TARGET_NAME)";
				SWIFT_VERSION = 4.2;
				TEST_HOST = "$(BUILT_PRODUCTS_DIR)/OpenTweet.app/OpenTweet";
			};
			name = Release;
		};
		009C4C971D9F0CD600F0BC6C /* Debug */ = {
			isa = XCBuildConfiguration;
			baseConfigurationReference = C8807F3C8E1947E5C95D819C /* Pods-OpenTweetUITests.debug.xcconfig */;
			buildSettings = {
				ALWAYS_EMBED_SWIFT_STANDARD_LIBRARIES = YES;
				DEVELOPMENT_TEAM = XC32KN38AE;
				INFOPLIST_FILE = OpenTweetUITests/Info.plist;
				LD_RUNPATH_SEARCH_PATHS = "$(inherited) @executable_path/Frameworks @loader_path/Frameworks";
				PRODUCT_BUNDLE_IDENTIFIER = com.opentable.OpenTweetUITests;
				PRODUCT_NAME = "$(TARGET_NAME)";
				SWIFT_VERSION = 4.2;
				TEST_TARGET_NAME = OpenTweet;
			};
			name = Debug;
		};
		009C4C981D9F0CD600F0BC6C /* Release */ = {
			isa = XCBuildConfiguration;
			baseConfigurationReference = 080823515D20DB98DDF0BE5A /* Pods-OpenTweetUITests.release.xcconfig */;
			buildSettings = {
				ALWAYS_EMBED_SWIFT_STANDARD_LIBRARIES = YES;
				DEVELOPMENT_TEAM = XC32KN38AE;
				INFOPLIST_FILE = OpenTweetUITests/Info.plist;
				LD_RUNPATH_SEARCH_PATHS = "$(inherited) @executable_path/Frameworks @loader_path/Frameworks";
				PRODUCT_BUNDLE_IDENTIFIER = com.opentable.OpenTweetUITests;
				PRODUCT_NAME = "$(TARGET_NAME)";
				SWIFT_VERSION = 4.2;
				TEST_TARGET_NAME = OpenTweet;
			};
			name = Release;
		};
/* End XCBuildConfiguration section */

/* Begin XCConfigurationList section */
		009C4C631D9F0CD600F0BC6C /* Build configuration list for PBXProject "OpenTweet" */ = {
			isa = XCConfigurationList;
			buildConfigurations = (
				009C4C8E1D9F0CD600F0BC6C /* Debug */,
				009C4C8F1D9F0CD600F0BC6C /* Release */,
			);
			defaultConfigurationIsVisible = 0;
			defaultConfigurationName = Release;
		};
		009C4C901D9F0CD600F0BC6C /* Build configuration list for PBXNativeTarget "OpenTweet" */ = {
			isa = XCConfigurationList;
			buildConfigurations = (
				009C4C911D9F0CD600F0BC6C /* Debug */,
				009C4C921D9F0CD600F0BC6C /* Release */,
			);
			defaultConfigurationIsVisible = 0;
			defaultConfigurationName = Release;
		};
		009C4C931D9F0CD600F0BC6C /* Build configuration list for PBXNativeTarget "OpenTweetTests" */ = {
			isa = XCConfigurationList;
			buildConfigurations = (
				009C4C941D9F0CD600F0BC6C /* Debug */,
				009C4C951D9F0CD600F0BC6C /* Release */,
			);
			defaultConfigurationIsVisible = 0;
			defaultConfigurationName = Release;
		};
		009C4C961D9F0CD600F0BC6C /* Build configuration list for PBXNativeTarget "OpenTweetUITests" */ = {
			isa = XCConfigurationList;
			buildConfigurations = (
				009C4C971D9F0CD600F0BC6C /* Debug */,
				009C4C981D9F0CD600F0BC6C /* Release */,
			);
			defaultConfigurationIsVisible = 0;
			defaultConfigurationName = Release;
		};
/* End XCConfigurationList section */
	};
	rootObject = 009C4C601D9F0CD600F0BC6C /* Project object */;
}
